// !$*UTF8*$!
{
	archiveVersion = 1;
	classes = {
	};
	objectVersion = 50;
	objects = {

/* Begin PBXBuildFile section */
		5BA8073420F2610C00528E2A /* AppDelegate.swift in Sources */ = {isa = PBXBuildFile; fileRef = 5BA8073320F2610C00528E2A /* AppDelegate.swift */; };
		5BA8073620F2610C00528E2A /* MealViewController.swift in Sources */ = {isa = PBXBuildFile; fileRef = 5BA8073520F2610C00528E2A /* MealViewController.swift */; };
		5BA8073920F2610C00528E2A /* Main.storyboard in Resources */ = {isa = PBXBuildFile; fileRef = 5BA8073720F2610C00528E2A /* Main.storyboard */; };
		5BA8073B20F2610E00528E2A /* Assets.xcassets in Resources */ = {isa = PBXBuildFile; fileRef = 5BA8073A20F2610E00528E2A /* Assets.xcassets */; };
		5BA8073E20F2610E00528E2A /* LaunchScreen.storyboard in Resources */ = {isa = PBXBuildFile; fileRef = 5BA8073C20F2610E00528E2A /* LaunchScreen.storyboard */; };
		5BA8074920F2610E00528E2A /* FoodTrackerTests.swift in Sources */ = {isa = PBXBuildFile; fileRef = 5BA8074820F2610E00528E2A /* FoodTrackerTests.swift */; };
		5BA8075420F2A69D00528E2A /* RatingControl.swift in Sources */ = {isa = PBXBuildFile; fileRef = 5BA8075320F2A69D00528E2A /* RatingControl.swift */; };
		5BA8075620F2BBFB00528E2A /* Meal.swift in Sources */ = {isa = PBXBuildFile; fileRef = 5BA8075520F2BBFB00528E2A /* Meal.swift */; };
		5BA8075820F2C0FD00528E2A /* MealTableViewCell.swift in Sources */ = {isa = PBXBuildFile; fileRef = 5BA8075720F2C0FD00528E2A /* MealTableViewCell.swift */; };
		5BA8075A20F2C53C00528E2A /* MealTableViewController.swift in Sources */ = {isa = PBXBuildFile; fileRef = 5BA8075920F2C53C00528E2A /* MealTableViewController.swift */; };
/* End PBXBuildFile section */

/* Begin PBXContainerItemProxy section */
		5BA8074520F2610E00528E2A /* PBXContainerItemProxy */ = {
			isa = PBXContainerItemProxy;
			containerPortal = 5BA8072820F2610C00528E2A /* Project object */;
			proxyType = 1;
			remoteGlobalIDString = 5BA8072F20F2610C00528E2A;
			remoteInfo = FoodTracker;
		};
/* End PBXContainerItemProxy section */

/* Begin PBXFileReference section */
		5BA8073020F2610C00528E2A /* FoodTracker.app */ = {isa = PBXFileReference; explicitFileType = wrapper.application; includeInIndex = 0; path = FoodTracker.app; sourceTree = BUILT_PRODUCTS_DIR; };
		5BA8073320F2610C00528E2A /* AppDelegate.swift */ = {isa = PBXFileReference; lastKnownFileType = sourcecode.swift; path = AppDelegate.swift; sourceTree = "<group>"; };
		5BA8073520F2610C00528E2A /* MealViewController.swift */ = {isa = PBXFileReference; lastKnownFileType = sourcecode.swift; path = MealViewController.swift; sourceTree = "<group>"; };
		5BA8073820F2610C00528E2A /* Base */ = {isa = PBXFileReference; lastKnownFileType = file.storyboard; name = Base; path = Base.lproj/Main.storyboard; sourceTree = "<group>"; };
		5BA8073A20F2610E00528E2A /* Assets.xcassets */ = {isa = PBXFileReference; lastKnownFileType = folder.assetcatalog; path = Assets.xcassets; sourceTree = "<group>"; };
		5BA8073D20F2610E00528E2A /* Base */ = {isa = PBXFileReference; lastKnownFileType = file.storyboard; name = Base; path = Base.lproj/LaunchScreen.storyboard; sourceTree = "<group>"; };
		5BA8073F20F2610E00528E2A /* Info.plist */ = {isa = PBXFileReference; lastKnownFileType = text.plist.xml; path = Info.plist; sourceTree = "<group>"; };
		5BA8074420F2610E00528E2A /* FoodTrackerTests.xctest */ = {isa = PBXFileReference; explicitFileType = wrapper.cfbundle; includeInIndex = 0; path = FoodTrackerTests.xctest; sourceTree = BUILT_PRODUCTS_DIR; };
		5BA8074820F2610E00528E2A /* FoodTrackerTests.swift */ = {isa = PBXFileReference; lastKnownFileType = sourcecode.swift; path = FoodTrackerTests.swift; sourceTree = "<group>"; };
		5BA8074A20F2610E00528E2A /* Info.plist */ = {isa = PBXFileReference; lastKnownFileType = text.plist.xml; path = Info.plist; sourceTree = "<group>"; };
		5BA8075320F2A69D00528E2A /* RatingControl.swift */ = {isa = PBXFileReference; lastKnownFileType = sourcecode.swift; path = RatingControl.swift; sourceTree = "<group>"; };
		5BA8075520F2BBFB00528E2A /* Meal.swift */ = {isa = PBXFileReference; lastKnownFileType = sourcecode.swift; path = Meal.swift; sourceTree = "<group>"; };
		5BA8075720F2C0FD00528E2A /* MealTableViewCell.swift */ = {isa = PBXFileReference; lastKnownFileType = sourcecode.swift; path = MealTableViewCell.swift; sourceTree = "<group>"; };
		5BA8075920F2C53C00528E2A /* MealTableViewController.swift */ = {isa = PBXFileReference; lastKnownFileType = sourcecode.swift; path = MealTableViewController.swift; sourceTree = "<group>"; };
/* End PBXFileReference section */

/* Begin PBXFrameworksBuildPhase section */
		5BA8072D20F2610C00528E2A /* Frameworks */ = {
			isa = PBXFrameworksBuildPhase;
			buildActionMask = 2147483647;
			files = (
			);
			runOnlyForDeploymentPostprocessing = 0;
		};
		5BA8074120F2610E00528E2A /* Frameworks */ = {
			isa = PBXFrameworksBuildPhase;
			buildActionMask = 2147483647;
			files = (
			);
			runOnlyForDeploymentPostprocessing = 0;
		};
/* End PBXFrameworksBuildPhase section */

/* Begin PBXGroup section */
		5BA8072720F2610C00528E2A = {
			isa = PBXGroup;
			children = (
				5BA8073220F2610C00528E2A /* FoodTracker */,
				5BA8074720F2610E00528E2A /* FoodTrackerTests */,
				5BA8073120F2610C00528E2A /* Products */,
			);
			sourceTree = "<group>";
		};
		5BA8073120F2610C00528E2A /* Products */ = {
			isa = PBXGroup;
			children = (
				5BA8073020F2610C00528E2A /* FoodTracker.app */,
				5BA8074420F2610E00528E2A /* FoodTrackerTests.xctest */,
			);
			name = Products;
			sourceTree = "<group>";
		};
		5BA8073220F2610C00528E2A /* FoodTracker */ = {
			isa = PBXGroup;
			children = (
				5BA8073320F2610C00528E2A /* AppDelegate.swift */,
				5BA8073520F2610C00528E2A /* MealViewController.swift */,
				5BA8075320F2A69D00528E2A /* RatingControl.swift */,
				5BA8075520F2BBFB00528E2A /* Meal.swift */,
				5BA8075720F2C0FD00528E2A /* MealTableViewCell.swift */,
				5BA8075920F2C53C00528E2A /* MealTableViewController.swift */,
				5BA8073720F2610C00528E2A /* Main.storyboard */,
				5BA8073C20F2610E00528E2A /* LaunchScreen.storyboard */,
				5BA8073A20F2610E00528E2A /* Assets.xcassets */,
				5BA8073F20F2610E00528E2A /* Info.plist */,
			);
			path = FoodTracker;
			sourceTree = "<group>";
		};
		5BA8074720F2610E00528E2A /* FoodTrackerTests */ = {
			isa = PBXGroup;
			children = (
				5BA8074820F2610E00528E2A /* FoodTrackerTests.swift */,
				5BA8074A20F2610E00528E2A /* Info.plist */,
			);
			path = FoodTrackerTests;
			sourceTree = "<group>";
		};
/* End PBXGroup section */

/* Begin PBXNativeTarget section */
		5BA8072F20F2610C00528E2A /* FoodTracker */ = {
			isa = PBXNativeTarget;
			buildConfigurationList = 5BA8074D20F2610E00528E2A /* Build configuration list for PBXNativeTarget "FoodTracker" */;
			buildPhases = (
				5BA8072C20F2610C00528E2A /* Sources */,
				5BA8072D20F2610C00528E2A /* Frameworks */,
				5BA8072E20F2610C00528E2A /* Resources */,
			);
			buildRules = (
			);
			dependencies = (
			);
			name = FoodTracker;
			productName = FoodTracker;
			productReference = 5BA8073020F2610C00528E2A /* FoodTracker.app */;
			productType = "com.apple.product-type.application";
		};
		5BA8074320F2610E00528E2A /* FoodTrackerTests */ = {
			isa = PBXNativeTarget;
			buildConfigurationList = 5BA8075020F2610E00528E2A /* Build configuration list for PBXNativeTarget "FoodTrackerTests" */;
			buildPhases = (
				5BA8074020F2610E00528E2A /* Sources */,
				5BA8074120F2610E00528E2A /* Frameworks */,
				5BA8074220F2610E00528E2A /* Resources */,
			);
			buildRules = (
			);
			dependencies = (
				5BA8074620F2610E00528E2A /* PBXTargetDependency */,
			);
			name = FoodTrackerTests;
			productName = FoodTrackerTests;
			productReference = 5BA8074420F2610E00528E2A /* FoodTrackerTests.xctest */;
			productType = "com.apple.product-type.bundle.unit-test";
		};
/* End PBXNativeTarget section */

/* Begin PBXProject section */
		5BA8072820F2610C00528E2A /* Project object */ = {
			isa = PBXProject;
			attributes = {
				LastSwiftUpdateCheck = 0940;
				LastUpgradeCheck = 0940;
				ORGANIZATIONNAME = "Marc Hein";
				TargetAttributes = {
					5BA8072F20F2610C00528E2A = {
						CreatedOnToolsVersion = 9.4.1;
					};
					5BA8074320F2610E00528E2A = {
						CreatedOnToolsVersion = 9.4.1;
						TestTargetID = 5BA8072F20F2610C00528E2A;
					};
				};
			};
			buildConfigurationList = 5BA8072B20F2610C00528E2A /* Build configuration list for PBXProject "FoodTracker" */;
			compatibilityVersion = "Xcode 9.3";
			developmentRegion = en;
			hasScannedForEncodings = 0;
			knownRegions = (
				en,
				Base,
			);
			mainGroup = 5BA8072720F2610C00528E2A;
			productRefGroup = 5BA8073120F2610C00528E2A /* Products */;
			projectDirPath = "";
			projectRoot = "";
			targets = (
				5BA8072F20F2610C00528E2A /* FoodTracker */,
				5BA8074320F2610E00528E2A /* FoodTrackerTests */,
			);
		};
/* End PBXProject section */

/* Begin PBXResourcesBuildPhase section */
		5BA8072E20F2610C00528E2A /* Resources */ = {
			isa = PBXResourcesBuildPhase;
			buildActionMask = 2147483647;
			files = (
				5BA8073E20F2610E00528E2A /* LaunchScreen.storyboard in Resources */,
				5BA8073B20F2610E00528E2A /* Assets.xcassets in Resources */,
				5BA8073920F2610C00528E2A /* Main.storyboard in Resources */,
			);
			runOnlyForDeploymentPostprocessing = 0;
		};
		5BA8074220F2610E00528E2A /* Resources */ = {
			isa = PBXResourcesBuildPhase;
			buildActionMask = 2147483647;
			files = (
			);
			runOnlyForDeploymentPostprocessing = 0;
		};
/* End PBXResourcesBuildPhase section */

/* Begin PBXSourcesBuildPhase section */
		5BA8072C20F2610C00528E2A /* Sources */ = {
			isa = PBXSourcesBuildPhase;
			buildActionMask = 2147483647;
			files = (
				5BA8075620F2BBFB00528E2A /* Meal.swift in Sources */,
				5BA8073620F2610C00528E2A /* MealViewController.swift in Sources */,
				5BA8075420F2A69D00528E2A /* RatingControl.swift in Sources */,
				5BA8073420F2610C00528E2A /* AppDelegate.swift in Sources */,
				5BA8075A20F2C53C00528E2A /* MealTableViewController.swift in Sources */,
				5BA8075820F2C0FD00528E2A /* MealTableViewCell.swift in Sources */,
			);
			runOnlyForDeploymentPostprocessing = 0;
		};
		5BA8074020F2610E00528E2A /* Sources */ = {
			isa = PBXSourcesBuildPhase;
			buildActionMask = 2147483647;
			files = (
				5BA8074920F2610E00528E2A /* FoodTrackerTests.swift in Sources */,
			);
			runOnlyForDeploymentPostprocessing = 0;
		};
/* End PBXSourcesBuildPhase section */

/* Begin PBXTargetDependency section */
		5BA8074620F2610E00528E2A /* PBXTargetDependency */ = {
			isa = PBXTargetDependency;
			target = 5BA8072F20F2610C00528E2A /* FoodTracker */;
			targetProxy = 5BA8074520F2610E00528E2A /* PBXContainerItemProxy */;
		};
/* End PBXTargetDependency section */

/* Begin PBXVariantGroup section */
		5BA8073720F2610C00528E2A /* Main.storyboard */ = {
			isa = PBXVariantGroup;
			children = (
				5BA8073820F2610C00528E2A /* Base */,
			);
			name = Main.storyboard;
			sourceTree = "<group>";
		};
		5BA8073C20F2610E00528E2A /* LaunchScreen.storyboard */ = {
			isa = PBXVariantGroup;
			children = (
				5BA8073D20F2610E00528E2A /* Base */,
			);
			name = LaunchScreen.storyboard;
			sourceTree = "<group>";
		};
/* End PBXVariantGroup section */

/* Begin XCBuildConfiguration section */
		5BA8074B20F2610E00528E2A /* Debug */ = {
			isa = XCBuildConfiguration;
			buildSettings = {
				ALWAYS_SEARCH_USER_PATHS = NO;
				CLANG_ANALYZER_NONNULL = YES;
				CLANG_ANALYZER_NUMBER_OBJECT_CONVERSION = YES_AGGRESSIVE;
				CLANG_CXX_LANGUAGE_STANDARD = "gnu++14";
				CLANG_CXX_LIBRARY = "libc++";
				CLANG_ENABLE_MODULES = YES;
				CLANG_ENABLE_OBJC_ARC = YES;
				CLANG_ENABLE_OBJC_WEAK = YES;
				CLANG_WARN_BLOCK_CAPTURE_AUTORELEASING = YES;
				CLANG_WARN_BOOL_CONVERSION = YES;
				CLANG_WARN_COMMA = YES;
				CLANG_WARN_CONSTANT_CONVERSION = YES;
				CLANG_WARN_DEPRECATED_OBJC_IMPLEMENTATIONS = YES;
				CLANG_WARN_DIRECT_OBJC_ISA_USAGE = YES_ERROR;
				CLANG_WARN_DOCUMENTATION_COMMENTS = YES;
				CLANG_WARN_EMPTY_BODY = YES;
				CLANG_WARN_ENUM_CONVERSION = YES;
				CLANG_WARN_INFINITE_RECURSION = YES;
				CLANG_WARN_INT_CONVERSION = YES;
				CLANG_WARN_NON_LITERAL_NULL_CONVERSION = YES;
				CLANG_WARN_OBJC_IMPLICIT_RETAIN_SELF = YES;
				CLANG_WARN_OBJC_LITERAL_CONVERSION = YES;
				CLANG_WARN_OBJC_ROOT_CLASS = YES_ERROR;
				CLANG_WARN_RANGE_LOOP_ANALYSIS = YES;
				CLANG_WARN_STRICT_PROTOTYPES = YES;
				CLANG_WARN_SUSPICIOUS_MOVE = YES;
				CLANG_WARN_UNGUARDED_AVAILABILITY = YES_AGGRESSIVE;
				CLANG_WARN_UNREACHABLE_CODE = YES;
				CLANG_WARN__DUPLICATE_METHOD_MATCH = YES;
				CODE_SIGN_IDENTITY = "iPhone Developer";
				COPY_PHASE_STRIP = NO;
				DEBUG_INFORMATION_FORMAT = dwarf;
				ENABLE_STRICT_OBJC_MSGSEND = YES;
				ENABLE_TESTABILITY = YES;
				GCC_C_LANGUAGE_STANDARD = gnu11;
				GCC_DYNAMIC_NO_PIC = NO;
				GCC_NO_COMMON_BLOCKS = YES;
				GCC_OPTIMIZATION_LEVEL = 0;
				GCC_PREPROCESSOR_DEFINITIONS = (
					"DEBUG=1",
					"$(inherited)",
				);
				GCC_WARN_64_TO_32_BIT_CONVERSION = YES;
				GCC_WARN_ABOUT_RETURN_TYPE = YES_ERROR;
				GCC_WARN_UNDECLARED_SELECTOR = YES;
				GCC_WARN_UNINITIALIZED_AUTOS = YES_AGGRESSIVE;
				GCC_WARN_UNUSED_FUNCTION = YES;
				GCC_WARN_UNUSED_VARIABLE = YES;
				IPHONEOS_DEPLOYMENT_TARGET = 11.4;
				MTL_ENABLE_DEBUG_INFO = YES;
				ONLY_ACTIVE_ARCH = YES;
				SDKROOT = iphoneos;
				SWIFT_ACTIVE_COMPILATION_CONDITIONS = DEBUG;
				SWIFT_OPTIMIZATION_LEVEL = "-Onone";
			};
			name = Debug;
		};
		5BA8074C20F2610E00528E2A /* Release */ = {
			isa = XCBuildConfiguration;
			buildSettings = {
				ALWAYS_SEARCH_USER_PATHS = NO;
				CLANG_ANALYZER_NONNULL = YES;
				CLANG_ANALYZER_NUMBER_OBJECT_CONVERSION = YES_AGGRESSIVE;
				CLANG_CXX_LANGUAGE_STANDARD = "gnu++14";
				CLANG_CXX_LIBRARY = "libc++";
				CLANG_ENABLE_MODULES = YES;
				CLANG_ENABLE_OBJC_ARC = YES;
				CLANG_ENABLE_OBJC_WEAK = YES;
				CLANG_WARN_BLOCK_CAPTURE_AUTORELEASING = YES;
				CLANG_WARN_BOOL_CONVERSION = YES;
				CLANG_WARN_COMMA = YES;
				CLANG_WARN_CONSTANT_CONVERSION = YES;
				CLANG_WARN_DEPRECATED_OBJC_IMPLEMENTATIONS = YES;
				CLANG_WARN_DIRECT_OBJC_ISA_USAGE = YES_ERROR;
				CLANG_WARN_DOCUMENTATION_COMMENTS = YES;
				CLANG_WARN_EMPTY_BODY = YES;
				CLANG_WARN_ENUM_CONVERSION = YES;
				CLANG_WARN_INFINITE_RECURSION = YES;
				CLANG_WARN_INT_CONVERSION = YES;
				CLANG_WARN_NON_LITERAL_NULL_CONVERSION = YES;
				CLANG_WARN_OBJC_IMPLICIT_RETAIN_SELF = YES;
				CLANG_WARN_OBJC_LITERAL_CONVERSION = YES;
				CLANG_WARN_OBJC_ROOT_CLASS = YES_ERROR;
				CLANG_WARN_RANGE_LOOP_ANALYSIS = YES;
				CLANG_WARN_STRICT_PROTOTYPES = YES;
				CLANG_WARN_SUSPICIOUS_MOVE = YES;
				CLANG_WARN_UNGUARDED_AVAILABILITY = YES_AGGRESSIVE;
				CLANG_WARN_UNREACHABLE_CODE = YES;
				CLANG_WARN__DUPLICATE_METHOD_MATCH = YES;
				CODE_SIGN_IDENTITY = "iPhone Developer";
				COPY_PHASE_STRIP = NO;
				DEBUG_INFORMATION_FORMAT = "dwarf-with-dsym";
				ENABLE_NS_ASSERTIONS = NO;
				ENABLE_STRICT_OBJC_MSGSEND = YES;
				GCC_C_LANGUAGE_STANDARD = gnu11;
				GCC_NO_COMMON_BLOCKS = YES;
				GCC_WARN_64_TO_32_BIT_CONVERSION = YES;
				GCC_WARN_ABOUT_RETURN_TYPE = YES_ERROR;
				GCC_WARN_UNDECLARED_SELECTOR = YES;
				GCC_WARN_UNINITIALIZED_AUTOS = YES_AGGRESSIVE;
				GCC_WARN_UNUSED_FUNCTION = YES;
				GCC_WARN_UNUSED_VARIABLE = YES;
				IPHONEOS_DEPLOYMENT_TARGET = 11.4;
				MTL_ENABLE_DEBUG_INFO = NO;
				SDKROOT = iphoneos;
				SWIFT_COMPILATION_MODE = wholemodule;
				SWIFT_OPTIMIZATION_LEVEL = "-O";
				VALIDATE_PRODUCT = YES;
			};
			name = Release;
		};
		5BA8074E20F2610E00528E2A /* Debug */ = {
			isa = XCBuildConfiguration;
			buildSettings = {
				ASSETCATALOG_COMPILER_APPICON_NAME = AppIcon;
				CODE_SIGN_STYLE = Automatic;
				DEVELOPMENT_TEAM = UJR28ZV94C;
				INFOPLIST_FILE = FoodTracker/Info.plist;
				LD_RUNPATH_SEARCH_PATHS = (
					"$(inherited)",
					"@executable_path/Frameworks",
				);
				PRODUCT_BUNDLE_IDENTIFIER = "de.marc-hein.FoodTracker";
				PRODUCT_NAME = "$(TARGET_NAME)";
				SWIFT_VERSION = 4.0;
				TARGETED_DEVICE_FAMILY = "1,2";
			};
			name = Debug;
		};
		5BA8074F20F2610E00528E2A /* Release */ = {
			isa = XCBuildConfiguration;
			buildSettings = {
				ASSETCATALOG_COMPILER_APPICON_NAME = AppIcon;
				CODE_SIGN_STYLE = Automatic;
				DEVELOPMENT_TEAM = UJR28ZV94C;
				INFOPLIST_FILE = FoodTracker/Info.plist;
				LD_RUNPATH_SEARCH_PATHS = (
					"$(inherited)",
					"@executable_path/Frameworks",
				);
				PRODUCT_BUNDLE_IDENTIFIER = "de.marc-hein.FoodTracker";
				PRODUCT_NAME = "$(TARGET_NAME)";
				SWIFT_VERSION = 4.0;
				TARGETED_DEVICE_FAMILY = "1,2";
			};
			name = Release;
		};
		5BA8075120F2610E00528E2A /* Debug */ = {
			isa = XCBuildConfiguration;
			buildSettings = {
				ALWAYS_EMBED_SWIFT_STANDARD_LIBRARIES = YES;
				BUNDLE_LOADER = "$(TEST_HOST)";
				CODE_SIGN_STYLE = Automatic;
				DEVELOPMENT_TEAM = UJR28ZV94C;
				INFOPLIST_FILE = FoodTrackerTests/Info.plist;
				LD_RUNPATH_SEARCH_PATHS = (
					"$(inherited)",
					"@executable_path/Frameworks",
					"@loader_path/Frameworks",
				);
				PRODUCT_BUNDLE_IDENTIFIER = "de.marc-hein.FoodTrackerTests";
				PRODUCT_NAME = "$(TARGET_NAME)";
				SWIFT_VERSION = 4.0;
				TARGETED_DEVICE_FAMILY = "1,2";
				TEST_HOST = "$(BUILT_PRODUCTS_DIR)/FoodTracker.app/FoodTracker";
			};
			name = Debug;
		};
		5BA8075220F2610E00528E2A /* Release */ = {
			isa = XCBuildConfiguration;
			buildSettings = {
				ALWAYS_EMBED_SWIFT_STANDARD_LIBRARIES = YES;
				BUNDLE_LOADER = "$(TEST_HOST)";
				CODE_SIGN_STYLE = Automatic;
				DEVELOPMENT_TEAM = UJR28ZV94C;
				INFOPLIST_FILE = FoodTrackerTests/Info.plist;
				LD_RUNPATH_SEARCH_PATHS = (
					"$(inherited)",
					"@executable_path/Frameworks",
					"@loader_path/Frameworks",
				);
				PRODUCT_BUNDLE_IDENTIFIER = "de.marc-hein.FoodTrackerTests";
				PRODUCT_NAME = "$(TARGET_NAME)";
				SWIFT_VERSION = 4.0;
				TARGETED_DEVICE_FAMILY = "1,2";
				TEST_HOST = "$(BUILT_PRODUCTS_DIR)/FoodTracker.app/FoodTracker";
			};
			name = Release;
		};
/* End XCBuildConfiguration section */

/* Begin XCConfigurationList section */
		5BA8072B20F2610C00528E2A /* Build configuration list for PBXProject "FoodTracker" */ = {
			isa = XCConfigurationList;
			buildConfigurations = (
				5BA8074B20F2610E00528E2A /* Debug */,
				5BA8074C20F2610E00528E2A /* Release */,
			);
			defaultConfigurationIsVisible = 0;
			defaultConfigurationName = Release;
		};
		5BA8074D20F2610E00528E2A /* Build configuration list for PBXNativeTarget "FoodTracker" */ = {
			isa = XCConfigurationList;
			buildConfigurations = (
				5BA8074E20F2610E00528E2A /* Debug */,
				5BA8074F20F2610E00528E2A /* Release */,
			);
			defaultConfigurationIsVisible = 0;
			defaultConfigurationName = Release;
		};
		5BA8075020F2610E00528E2A /* Build configuration list for PBXNativeTarget "FoodTrackerTests" */ = {
			isa = XCConfigurationList;
			buildConfigurations = (
				5BA8075120F2610E00528E2A /* Debug */,
				5BA8075220F2610E00528E2A /* Release */,
			);
			defaultConfigurationIsVisible = 0;
			defaultConfigurationName = Release;
		};
/* End XCConfigurationList section */
	};
	rootObject = 5BA8072820F2610C00528E2A /* Project object */;
}
